Microsoft Visual Studio Solution File, Format Version 12.00
# Visual Studio 2012
Project("{FAE04EC0-301F-11D3-BF4B-00C04F79EFBC}") = "HackKU2026Project1", "HackKU2026Project1.csproj", "{77AEA327-EE28-4AA2-87F1-79BA5068611C}"
EndProject
Global
	GlobalSection(SolutionConfigurationPlatforms) = preSolution
	Debug|Any CPU = Debug|Any CPU
	ExportDebug|Any CPU = ExportDebug|Any CPU
	ExportRelease|Any CPU = ExportRelease|Any CPU
	EndGlobalSection
	GlobalSection(ProjectConfigurationPlatforms) = postSolution
		{77AEA327-EE28-4AA2-87F1-79BA5068611C}.Debug|Any CPU.ActiveCfg = Debug|Any CPU
		{77AEA327-EE28-4AA2-87F1-79BA5068611C}.Debug|Any CPU.Build.0 = Debug|Any CPU
		{77AEA327-EE28-4AA2-87F1-79BA5068611C}.ExportDebug|Any CPU.ActiveCfg = ExportDebug|Any CPU
		{77AEA327-EE28-4AA2-87F1-79BA5068611C}.ExportDebug|Any CPU.Build.0 = ExportDebug|Any CPU
		{77AEA327-EE28-4AA2-87F1-79BA5068611C}.ExportRelease|Any CPU.ActiveCfg = ExportRelease|Any CPU
		{77AEA327-EE28-4AA2-87F1-79BA5068611C}.ExportRelease|Any CPU.Build.0 = ExportRelease|Any CPU
	EndGlobalSection
EndGlobal
